
Microsoft Visual Studio Solution File, Format Version 12.00
# Visual Studio Version 17
VisualStudioVersion = 17.9.34728.123
MinimumVisualStudioVersion = 10.0.40219.1
Project("{FAE04EC0-301F-11D3-BF4B-00C04F79EFBC}") = "winform-app", "firstApp-pokemon\winform-app.csproj", "{2A089666-B7B3-4401-AE06-8672E8DE195E}"
EndProject
Project("{FAE04EC0-301F-11D3-BF4B-00C04F79EFBC}") = "dominio", "dominio\dominio.csproj", "{1BB4B55C-882D-4158-84C2-878E9E1CEF75}"
EndProject
Project("{FAE04EC0-301F-11D3-BF4B-00C04F79EFBC}") = "negocio", "negocio\negocio.csproj", "{79165BDB-0C80-4A57-9312-2B13D72BFC73}"
EndProject
Global
	GlobalSection(SolutionConfigurationPlatforms) = preSolution
		Debug|Any CPU = Debug|Any CPU
		Release|Any CPU = Release|Any CPU
	EndGlobalSection
	GlobalSection(ProjectConfigurationPlatforms) = postSolution
		{2A089666-B7B3-4401-AE06-8672E8DE195E}.Debug|Any CPU.ActiveCfg = Debug|Any CPU
		{2A089666-B7B3-4401-AE06-8672E8DE195E}.Debug|Any CPU.Build.0 = Debug|Any CPU
		{2A089666-B7B3-4401-AE06-8672E8DE195E}.Release|Any CPU.ActiveCfg = Release|Any CPU
		{2A089666-B7B3-4401-AE06-8672E8DE195E}.Release|Any CPU.Build.0 = Release|Any CPU
		{1BB4B55C-882D-4158-84C2-878E9E1CEF75}.Debug|Any CPU.ActiveCfg = Debug|Any CPU
		{1BB4B55C-882D-4158-84C2-878E9E1CEF75}.Debug|Any CPU.Build.0 = Debug|Any CPU
		{1BB4B55C-882D-4158-84C2-878E9E1CEF75}.Release|Any CPU.ActiveCfg = Release|Any CPU
		{1BB4B55C-882D-4158-84C2-878E9E1CEF75}.Release|Any CPU.Build.0 = Release|Any CPU
		{79165BDB-0C80-4A57-9312-2B13D72BFC73}.Debug|Any CPU.ActiveCfg = Debug|Any CPU
		{79165BDB-0C80-4A57-9312-2B13D72BFC73}.Debug|Any CPU.Build.0 = Debug|Any CPU
		{79165BDB-0C80-4A57-9312-2B13D72BFC73}.Release|Any CPU.ActiveCfg = Release|Any CPU
		{79165BDB-0C80-4A57-9312-2B13D72BFC73}.Release|Any CPU.Build.0 = Release|Any CPU
	EndGlobalSection
	GlobalSection(SolutionProperties) = preSolution
		HideSolutionNode = FALSE
	EndGlobalSection
	GlobalSection(ExtensibilityGlobals) = postSolution
		SolutionGuid = {6A3AF5AA-704C-429E-84D8-40FB8042196A}
	EndGlobalSection
EndGlobal
